
Microsoft Visual Studio Solution File, Format Version 12.00
# Visual Studio Version 17
VisualStudioVersion = 17.4.33205.214
MinimumVisualStudioVersion = 10.0.40219.1
Project("{FAE04EC0-301F-11D3-BF4B-00C04F79EFBC}") = "AudioToMicrophone", "AudioToMicrophone\AudioToMicrophone.csproj", "{363A5716-ECC3-4D5D-B364-4B27FB9BB163}"
EndProject
Global
	GlobalSection(SolutionConfigurationPlatforms) = preSolution
		Debug|Any CPU = Debug|Any CPU
		Release|Any CPU = Release|Any CPU
	EndGlobalSection
	GlobalSection(ProjectConfigurationPlatforms) = postSolution
		{363A5716-ECC3-4D5D-B364-4B27FB9BB163}.Debug|Any CPU.ActiveCfg = Debug|Any CPU
		{363A5716-ECC3-4D5D-B364-4B27FB9BB163}.Debug|Any CPU.Build.0 = Debug|Any CPU
		{363A5716-ECC3-4D5D-B364-4B27FB9BB163}.Release|Any CPU.ActiveCfg = Release|Any CPU
		{363A5716-ECC3-4D5D-B364-4B27FB9BB163}.Release|Any CPU.Build.0 = Release|Any CPU
	EndGlobalSection
	GlobalSection(SolutionProperties) = preSolution
		HideSolutionNode = FALSE
	EndGlobalSection
	GlobalSection(ExtensibilityGlobals) = postSolution
		SolutionGuid = {CE8FC625-283B-474E-B688-9A81826EFF6E}
	EndGlobalSection
EndGlobal
